
Microsoft Visual Studio Solution File, Format Version 12.00
# Visual Studio Version 16
VisualStudioVersion = 16.0.30114.105
MinimumVisualStudioVersion = 10.0.40219.1
Project("{FAE04EC0-301F-11D3-BF4B-00C04F79EFBC}") = "superHeroApp", "superHeroApp.csproj", "{4D923007-4421-439E-9086-6E9ADCE6EB3C}"
EndProject
Project("{FAE04EC0-301F-11D3-BF4B-00C04F79EFBC}") = "Test_Hero", "Test_Hero\Test_Hero.csproj", "{BBAE75C6-AC96-43AF-8B6E-5511D86C9F7D}"
EndProject
Global
	GlobalSection(SolutionConfigurationPlatforms) = preSolution
		Debug|Any CPU = Debug|Any CPU
		Release|Any CPU = Release|Any CPU
	EndGlobalSection
	GlobalSection(ProjectConfigurationPlatforms) = postSolution
		{4D923007-4421-439E-9086-6E9ADCE6EB3C}.Debug|Any CPU.ActiveCfg = Debug|Any CPU
		{4D923007-4421-439E-9086-6E9ADCE6EB3C}.Debug|Any CPU.Build.0 = Debug|Any CPU
		{4D923007-4421-439E-9086-6E9ADCE6EB3C}.Release|Any CPU.ActiveCfg = Release|Any CPU
		{4D923007-4421-439E-9086-6E9ADCE6EB3C}.Release|Any CPU.Build.0 = Release|Any CPU
		{BBAE75C6-AC96-43AF-8B6E-5511D86C9F7D}.Debug|Any CPU.ActiveCfg = Debug|Any CPU
		{BBAE75C6-AC96-43AF-8B6E-5511D86C9F7D}.Debug|Any CPU.Build.0 = Debug|Any CPU
		{BBAE75C6-AC96-43AF-8B6E-5511D86C9F7D}.Release|Any CPU.ActiveCfg = Release|Any CPU
		{BBAE75C6-AC96-43AF-8B6E-5511D86C9F7D}.Release|Any CPU.Build.0 = Release|Any CPU
	EndGlobalSection
	GlobalSection(SolutionProperties) = preSolution
		HideSolutionNode = FALSE
	EndGlobalSection
	GlobalSection(ExtensibilityGlobals) = postSolution
		SolutionGuid = {F71550C1-F26F-476F-B6C9-597F6A0A0BF3}
	EndGlobalSection
EndGlobal
